
Microsoft Visual Studio Solution File, Format Version 12.00
# Visual Studio 15
VisualStudioVersion = 15.0.26430.15
MinimumVisualStudioVersion = 10.0.40219.1
Project("{FAE04EC0-301F-11D3-BF4B-00C04F79EFBC}") = "IDE", "IDE\IDE.csproj", "{C1B706C6-68FA-4E6D-A9DC-5C0044961A9C}"
EndProject
Project("{FAE04EC0-301F-11D3-BF4B-00C04F79EFBC}") = "Parse", "Parse\Parse.csproj", "{ACE75E2E-25E5-466C-8005-619BD559CA18}"
EndProject
Project("{FAE04EC0-301F-11D3-BF4B-00C04F79EFBC}") = "Utility", "Utility\Utility.csproj", "{E930F0ED-342C-4E45-920D-A56F25DAD4AD}"
EndProject
Project("{FAE04EC0-301F-11D3-BF4B-00C04F79EFBC}") = "Test", "Test\Test.csproj", "{8A02F44A-1EA2-4EB3-8232-1DB267118BFD}"
EndProject
Global
	GlobalSection(SolutionConfigurationPlatforms) = preSolution
		Debug|Any CPU = Debug|Any CPU
		Release|Any CPU = Release|Any CPU
		Utility Test|Any CPU = Utility Test|Any CPU
	EndGlobalSection
	GlobalSection(ProjectConfigurationPlatforms) = postSolution
		{C1B706C6-68FA-4E6D-A9DC-5C0044961A9C}.Debug|Any CPU.ActiveCfg = Debug|Any CPU
		{C1B706C6-68FA-4E6D-A9DC-5C0044961A9C}.Debug|Any CPU.Build.0 = Debug|Any CPU
		{C1B706C6-68FA-4E6D-A9DC-5C0044961A9C}.Release|Any CPU.ActiveCfg = Release|Any CPU
		{C1B706C6-68FA-4E6D-A9DC-5C0044961A9C}.Release|Any CPU.Build.0 = Release|Any CPU
		{C1B706C6-68FA-4E6D-A9DC-5C0044961A9C}.Utility Test|Any CPU.ActiveCfg = Utility Test|Any CPU
		{ACE75E2E-25E5-466C-8005-619BD559CA18}.Debug|Any CPU.ActiveCfg = Debug|Any CPU
		{ACE75E2E-25E5-466C-8005-619BD559CA18}.Debug|Any CPU.Build.0 = Debug|Any CPU
		{ACE75E2E-25E5-466C-8005-619BD559CA18}.Release|Any CPU.ActiveCfg = Release|Any CPU
		{ACE75E2E-25E5-466C-8005-619BD559CA18}.Release|Any CPU.Build.0 = Release|Any CPU
		{ACE75E2E-25E5-466C-8005-619BD559CA18}.Utility Test|Any CPU.ActiveCfg = Utility Test|Any CPU
		{E930F0ED-342C-4E45-920D-A56F25DAD4AD}.Debug|Any CPU.ActiveCfg = Debug|Any CPU
		{E930F0ED-342C-4E45-920D-A56F25DAD4AD}.Debug|Any CPU.Build.0 = Debug|Any CPU
		{E930F0ED-342C-4E45-920D-A56F25DAD4AD}.Release|Any CPU.ActiveCfg = Release|Any CPU
		{E930F0ED-342C-4E45-920D-A56F25DAD4AD}.Release|Any CPU.Build.0 = Release|Any CPU
		{E930F0ED-342C-4E45-920D-A56F25DAD4AD}.Utility Test|Any CPU.ActiveCfg = Utility Test|Any CPU
		{E930F0ED-342C-4E45-920D-A56F25DAD4AD}.Utility Test|Any CPU.Build.0 = Utility Test|Any CPU
		{8A02F44A-1EA2-4EB3-8232-1DB267118BFD}.Debug|Any CPU.ActiveCfg = Debug|Any CPU
		{8A02F44A-1EA2-4EB3-8232-1DB267118BFD}.Debug|Any CPU.Build.0 = Debug|Any CPU
		{8A02F44A-1EA2-4EB3-8232-1DB267118BFD}.Release|Any CPU.ActiveCfg = Release|Any CPU
		{8A02F44A-1EA2-4EB3-8232-1DB267118BFD}.Release|Any CPU.Build.0 = Release|Any CPU
		{8A02F44A-1EA2-4EB3-8232-1DB267118BFD}.Utility Test|Any CPU.ActiveCfg = Utility Test|Any CPU
		{8A02F44A-1EA2-4EB3-8232-1DB267118BFD}.Utility Test|Any CPU.Build.0 = Utility Test|Any CPU
	EndGlobalSection
	GlobalSection(SolutionProperties) = preSolution
		HideSolutionNode = FALSE
	EndGlobalSection
	GlobalSection(ExtensibilityGlobals) = postSolution
		SolutionGuid = {A1AA2ECD-4CF0-4EFF-BF51-81ACDA839073}
	EndGlobalSection
EndGlobal
